
Microsoft Visual Studio Solution File, Format Version 12.00
# Visual Studio Version 17
VisualStudioVersion = 17.8.34525.116
MinimumVisualStudioVersion = 10.0.40219.1
Project("{FAE04EC0-301F-11D3-BF4B-00C04F79EFBC}") = "MagicVilla_API", "MagicVilla_API\MagicVilla_API.csproj", "{D7A76BF5-D499-489D-BE46-8D04E2BD488A}"
EndProject
Global
	GlobalSection(SolutionConfigurationPlatforms) = preSolution
		Debug|Any CPU = Debug|Any CPU
		Release|Any CPU = Release|Any CPU
	EndGlobalSection
	GlobalSection(ProjectConfigurationPlatforms) = postSolution
		{D7A76BF5-D499-489D-BE46-8D04E2BD488A}.Debug|Any CPU.ActiveCfg = Debug|Any CPU
		{D7A76BF5-D499-489D-BE46-8D04E2BD488A}.Debug|Any CPU.Build.0 = Debug|Any CPU
		{D7A76BF5-D499-489D-BE46-8D04E2BD488A}.Release|Any CPU.ActiveCfg = Release|Any CPU
		{D7A76BF5-D499-489D-BE46-8D04E2BD488A}.Release|Any CPU.Build.0 = Release|Any CPU
	EndGlobalSection
	GlobalSection(SolutionProperties) = preSolution
		HideSolutionNode = FALSE
	EndGlobalSection
	GlobalSection(ExtensibilityGlobals) = postSolution
		SolutionGuid = {679DDB2E-03D0-4EB8-A9A7-3D250212EBFB}
	EndGlobalSection
EndGlobal
